
Microsoft Visual Studio Solution File, Format Version 12.00
# Visual Studio 15
VisualStudioVersion = 15.0.27428.2015
MinimumVisualStudioVersion = 10.0.40219.1
Project("{FAE04EC0-301F-11D3-BF4B-00C04F79EFBC}") = "MySwift", "MySwift\MySwift.csproj", "{F295555D-F8C3-4C84-9933-72D8CC4589E3}"
EndProject
Project("{FAE04EC0-301F-11D3-BF4B-00C04F79EFBC}") = "MySwift.Tests", "MySwift.Tests\MySwift.Tests.csproj", "{08F84E4F-6D7D-4A7A-AE8E-FE6AC3A4C638}"
EndProject
Global
	GlobalSection(SolutionConfigurationPlatforms) = preSolution
		Debug|Any CPU = Debug|Any CPU
		Release|Any CPU = Release|Any CPU
	EndGlobalSection
	GlobalSection(ProjectConfigurationPlatforms) = postSolution
		{F295555D-F8C3-4C84-9933-72D8CC4589E3}.Debug|Any CPU.ActiveCfg = Debug|Any CPU
		{F295555D-F8C3-4C84-9933-72D8CC4589E3}.Debug|Any CPU.Build.0 = Debug|Any CPU
		{F295555D-F8C3-4C84-9933-72D8CC4589E3}.Release|Any CPU.ActiveCfg = Release|Any CPU
		{F295555D-F8C3-4C84-9933-72D8CC4589E3}.Release|Any CPU.Build.0 = Release|Any CPU
		{08F84E4F-6D7D-4A7A-AE8E-FE6AC3A4C638}.Debug|Any CPU.ActiveCfg = Debug|Any CPU
		{08F84E4F-6D7D-4A7A-AE8E-FE6AC3A4C638}.Debug|Any CPU.Build.0 = Debug|Any CPU
		{08F84E4F-6D7D-4A7A-AE8E-FE6AC3A4C638}.Release|Any CPU.ActiveCfg = Release|Any CPU
		{08F84E4F-6D7D-4A7A-AE8E-FE6AC3A4C638}.Release|Any CPU.Build.0 = Release|Any CPU
	EndGlobalSection
	GlobalSection(SolutionProperties) = preSolution
		HideSolutionNode = FALSE
	EndGlobalSection
	GlobalSection(ExtensibilityGlobals) = postSolution
		SolutionGuid = {A74F7805-4A2F-4C97-8480-B7FBE98423CD}
	EndGlobalSection
EndGlobal
